# This file is automatically @generated by Cargo.
# It is not intended for manual editing.
version = 4

[[package]]
name = "msbe-archive"
version = "0.0.0"

[[package]]
name = "msbe-browser"
version = "0.0.0"

[[package]]
name = "msbe-cli"
version = "0.0.0"

[[package]]
name = "msbe-core"
version = "0.0.0"

[[package]]
name = "msbe-daemon"
version = "0.0.0"

[[package]]
name = "msbe-fsops"
version = "0.0.0"

[[package]]
name = "msbe-plan-host"
version = "0.0.0"

[[package]]
name = "msbe-plan-schema"
version = "0.0.0"

[[package]]
name = "msbe-providers"
version = "0.0.0"

[[package]]
name = "msbe-rpc-schema"
version = "0.0.0"
